
Microsoft Visual Studio Solution File, Format Version 12.00
# Visual Studio Version 18
VisualStudioVersion = 18.2.11415.280
MinimumVisualStudioVersion = 10.0.40219.1
Project("{FAE04EC0-301F-11D3-BF4B-00C04F79EFBC}") = "CAV.AccountUsage", "CAV.AccountUsage\CAV.AccountUsage.csproj", "{9DE45DE4-332D-4304-A028-A457BA1FDCD7}"
EndProject
Project("{FAE04EC0-301F-11D3-BF4B-00C04F79EFBC}") = "CAV.AccountUsage.Tests", "CAV.AccountUsage.Tests\CAV.AccountUsage.Tests.csproj", "{9F87818E-4EEF-4A94-A7C9-36186F1A3F46}"
EndProject
Project("{FAE04EC0-301F-11D3-BF4B-00C04F79EFBC}") = "CAV.BillingView", "CAV.BillingView\CAV.BillingView.csproj", "{A8739E91-B7BB-4E14-8876-63886712BB28}"
EndProject
Project("{FAE04EC0-301F-11D3-BF4B-00C04F79EFBC}") = "CAV.BillingView.Tests", "CAV.BillingView.Tests\CAV.BillingView.Tests.csproj", "{831B0D83-4571-400E-A242-A6A155B41FB1}"
EndProject
Project("{2150E333-8FDC-42A3-9474-1A3956D46DE8}") = "tests", "tests", "{0F729BE1-F58B-42BE-9EAE-2EAC5039E432}"
EndProject
Global
	GlobalSection(SolutionConfigurationPlatforms) = preSolution
		Debug|Any CPU = Debug|Any CPU
		Debug|x64 = Debug|x64
		Debug|x86 = Debug|x86
		Release|Any CPU = Release|Any CPU
		Release|x64 = Release|x64
		Release|x86 = Release|x86
	EndGlobalSection
	GlobalSection(ProjectConfigurationPlatforms) = postSolution
		{9DE45DE4-332D-4304-A028-A457BA1FDCD7}.Debug|Any CPU.ActiveCfg = Debug|Any CPU
		{9DE45DE4-332D-4304-A028-A457BA1FDCD7}.Debug|Any CPU.Build.0 = Debug|Any CPU
		{9DE45DE4-332D-4304-A028-A457BA1FDCD7}.Debug|x64.ActiveCfg = Debug|Any CPU
		{9DE45DE4-332D-4304-A028-A457BA1FDCD7}.Debug|x64.Build.0 = Debug|Any CPU
		{9DE45DE4-332D-4304-A028-A457BA1FDCD7}.Debug|x86.ActiveCfg = Debug|Any CPU
		{9DE45DE4-332D-4304-A028-A457BA1FDCD7}.Debug|x86.Build.0 = Debug|Any CPU
		{9DE45DE4-332D-4304-A028-A457BA1FDCD7}.Release|Any CPU.ActiveCfg = Release|Any CPU
		{9DE45DE4-332D-4304-A028-A457BA1FDCD7}.Release|Any CPU.Build.0 = Release|Any CPU
		{9DE45DE4-332D-4304-A028-A457BA1FDCD7}.Release|x64.ActiveCfg = Release|Any CPU
		{9DE45DE4-332D-4304-A028-A457BA1FDCD7}.Release|x64.Build.0 = Release|Any CPU
		{9DE45DE4-332D-4304-A028-A457BA1FDCD7}.Release|x86.ActiveCfg = Release|Any CPU
		{9DE45DE4-332D-4304-A028-A457BA1FDCD7}.Release|x86.Build.0 = Release|Any CPU
		{9F87818E-4EEF-4A94-A7C9-36186F1A3F46}.Debug|Any CPU.ActiveCfg = Debug|Any CPU
		{9F87818E-4EEF-4A94-A7C9-36186F1A3F46}.Debug|Any CPU.Build.0 = Debug|Any CPU
		{9F87818E-4EEF-4A94-A7C9-36186F1A3F46}.Debug|x64.ActiveCfg = Debug|Any CPU
		{9F87818E-4EEF-4A94-A7C9-36186F1A3F46}.Debug|x64.Build.0 = Debug|Any CPU
		{9F87818E-4EEF-4A94-A7C9-36186F1A3F46}.Debug|x86.ActiveCfg = Debug|Any CPU
		{9F87818E-4EEF-4A94-A7C9-36186F1A3F46}.Debug|x86.Build.0 = Debug|Any CPU
		{9F87818E-4EEF-4A94-A7C9-36186F1A3F46}.Release|Any CPU.ActiveCfg = Release|Any CPU
		{9F87818E-4EEF-4A94-A7C9-36186F1A3F46}.Release|Any CPU.Build.0 = Release|Any CPU
		{9F87818E-4EEF-4A94-A7C9-36186F1A3F46}.Release|x64.ActiveCfg = Release|Any CPU
		{9F87818E-4EEF-4A94-A7C9-36186F1A3F46}.Release|x64.Build.0 = Release|Any CPU
		{9F87818E-4EEF-4A94-A7C9-36186F1A3F46}.Release|x86.ActiveCfg = Release|Any CPU
		{9F87818E-4EEF-4A94-A7C9-36186F1A3F46}.Release|x86.Build.0 = Release|Any CPU
		{A8739E91-B7BB-4E14-8876-63886712BB28}.Debug|Any CPU.ActiveCfg = Debug|Any CPU
		{A8739E91-B7BB-4E14-8876-63886712BB28}.Debug|Any CPU.Build.0 = Debug|Any CPU
		{A8739E91-B7BB-4E14-8876-63886712BB28}.Debug|x64.ActiveCfg = Debug|Any CPU
		{A8739E91-B7BB-4E14-8876-63886712BB28}.Debug|x64.Build.0 = Debug|Any CPU
		{A8739E91-B7BB-4E14-8876-63886712BB28}.Debug|x86.ActiveCfg = Debug|Any CPU
		{A8739E91-B7BB-4E14-8876-63886712BB28}.Debug|x86.Build.0 = Debug|Any CPU
		{A8739E91-B7BB-4E14-8876-63886712BB28}.Release|Any CPU.ActiveCfg = Release|Any CPU
		{A8739E91-B7BB-4E14-8876-63886712BB28}.Release|Any CPU.Build.0 = Release|Any CPU
		{A8739E91-B7BB-4E14-8876-63886712BB28}.Release|x64.ActiveCfg = Release|Any CPU
		{A8739E91-B7BB-4E14-8876-63886712BB28}.Release|x64.Build.0 = Release|Any CPU
		{A8739E91-B7BB-4E14-8876-63886712BB28}.Release|x86.ActiveCfg = Release|Any CPU
		{A8739E91-B7BB-4E14-8876-63886712BB28}.Release|x86.Build.0 = Release|Any CPU
		{831B0D83-4571-400E-A242-A6A155B41FB1}.Debug|Any CPU.ActiveCfg = Debug|Any CPU
		{831B0D83-4571-400E-A242-A6A155B41FB1}.Debug|Any CPU.Build.0 = Debug|Any CPU
		{831B0D83-4571-400E-A242-A6A155B41FB1}.Debug|x64.ActiveCfg = Debug|Any CPU
		{831B0D83-4571-400E-A242-A6A155B41FB1}.Debug|x64.Build.0 = Debug|Any CPU
		{831B0D83-4571-400E-A242-A6A155B41FB1}.Debug|x86.ActiveCfg = Debug|Any CPU
		{831B0D83-4571-400E-A242-A6A155B41FB1}.Debug|x86.Build.0 = Debug|Any CPU
		{831B0D83-4571-400E-A242-A6A155B41FB1}.Release|Any CPU.ActiveCfg = Release|Any CPU
		{831B0D83-4571-400E-A242-A6A155B41FB1}.Release|Any CPU.Build.0 = Release|Any CPU
		{831B0D83-4571-400E-A242-A6A155B41FB1}.Release|x64.ActiveCfg = Release|Any CPU
		{831B0D83-4571-400E-A242-A6A155B41FB1}.Release|x64.Build.0 = Release|Any CPU
		{831B0D83-4571-400E-A242-A6A155B41FB1}.Release|x86.ActiveCfg = Release|Any CPU
		{831B0D83-4571-400E-A242-A6A155B41FB1}.Release|x86.Build.0 = Release|Any CPU
	EndGlobalSection
	GlobalSection(SolutionProperties) = preSolution
		HideSolutionNode = FALSE
	EndGlobalSection
	GlobalSection(ExtensibilityGlobals) = postSolution
		SolutionGuid = {B99289B5-F3CF-4712-9992-50E791DE6AFE}
	EndGlobalSection
	GlobalSection(NestedProjects) = preSolution
		{9F87818E-4EEF-4A94-A7C9-36186F1A3F46} = {0F729BE1-F58B-42BE-9EAE-2EAC5039E432}
		{831B0D83-4571-400E-A242-A6A155B41FB1} = {0F729BE1-F58B-42BE-9EAE-2EAC5039E432}
	EndGlobalSection
EndGlobal
